
Microsoft Visual Studio Solution File, Format Version 12.00
# Visual Studio Version 17
VisualStudioVersion = 17.13.35825.156 d17.13
MinimumVisualStudioVersion = 10.0.40219.1
Project("{FAE04EC0-301F-11D3-BF4B-00C04F79EFBC}") = "wk2", "wk2\wk2.csproj", "{2A5B0889-E903-44C1-A07A-20D253BE1195}"
EndProject
Global
	GlobalSection(SolutionConfigurationPlatforms) = preSolution
		Debug|Any CPU = Debug|Any CPU
		Release|Any CPU = Release|Any CPU
	EndGlobalSection
	GlobalSection(ProjectConfigurationPlatforms) = postSolution
		{2A5B0889-E903-44C1-A07A-20D253BE1195}.Debug|Any CPU.ActiveCfg = Debug|Any CPU
		{2A5B0889-E903-44C1-A07A-20D253BE1195}.Debug|Any CPU.Build.0 = Debug|Any CPU
		{2A5B0889-E903-44C1-A07A-20D253BE1195}.Release|Any CPU.ActiveCfg = Release|Any CPU
		{2A5B0889-E903-44C1-A07A-20D253BE1195}.Release|Any CPU.Build.0 = Release|Any CPU
	EndGlobalSection
	GlobalSection(SolutionProperties) = preSolution
		HideSolutionNode = FALSE
	EndGlobalSection
	GlobalSection(ExtensibilityGlobals) = postSolution
		SolutionGuid = {88A0333E-C451-48D0-9D67-26AFEB55E396}
	EndGlobalSection
EndGlobal
